hash: e2522fb6e73fa5116e278a4e25a65030ab87c278c4380abaec1c9e6c9a837846
updated: 2017-01-23T14:52:58.687364651Z
imports:
- name: github.com/asaskevich/govalidator
  version: 7b3beb6df3c42abd3509abfc3bcacc0fbfb7c877
- name: github.com/BurntSushi/toml
  version: a4eecd407cf4129fc902ece859a0114e4cf1a7f4
- name: github.com/franela/goreq
  version: fc08df6ca2d4a0d1a5ae24739aa268863943e723
- name: github.com/gin-gonic/gin
  version: e2212d40c62a98b388a5eb48ecbdcf88534688ba
  subpackages:
  - binding
  - render
- name: github.com/golang/protobuf
  version: 2402d76f3d41f928c7902a765dfc872356dd3aad
  subpackages:
  - proto
- name: github.com/jinzhu/gorm
  version: 5174cc5c242a728b435ea2be8a2f7f998e15429b
- name: github.com/jinzhu/inflection
  version: 1c35d901db3da928c72a72d8458480cc9ade058f
- name: github.com/jmoiron/sqlx
  version: cac998c4f0959c19c638c523e374fa8e4e0bcfe3
  subpackages:
  - types
- name: github.com/kr/pretty
  version: bc9499caa0f45ee5edb2f0209fbd61fbf3d9018f
- name: github.com/kr/text
  version: 6807e777504f54ad073ecef66747de158294b639
- name: github.com/lib/pq
  version: 0dad96c0b94f8dee039aa40467f767467392a0af
  subpackages:
  - oid
- name: github.com/magiconair/properties
  version: 624009598839a9432bd97bb75552389422357723
- name: github.com/manucorporat/sse
  version: ee05b128a739a0fb76c7ebd3ae4810c1de808d6d
- name: github.com/mattn/go-isatty
  version: 3a115632dcd687f9c8cd01679c83a06a0e21c1f3
- name: github.com/mattn/go-sqlite3
  version: ca5e3819723d8eeaf170ad510e7da1d6d2e94a08
- name: github.com/mitchellh/mapstructure
  version: 482a9fd5fa83e8c4e7817413b80f3eb8feec03ef
- name: github.com/rs/cors
  version: a62a804a8a009876ca59105f7899938a1349f4b3
- name: github.com/rs/xhandler
  version: d9d9599b6aaf6a058cb7b1f48291ded2cbd13390
- name: github.com/satori/go.uuid
  version: 879c5887cd475cd7864858769793b2ceb0d44feb
- name: github.com/spf13/cast
  version: 4d07383ffe94b5e5a6fa3af9211374a4507a0184
- name: github.com/spf13/jwalterweatherman
  version: 3d60171a64319ef63c78bd45bd60e6eab1e75f8b
- name: github.com/spf13/pflag
  version: 5644820622454e71517561946e3d94b9f9db6842
- name: github.com/spf13/viper
  version: be5ff3e4840cf692388bde7a057595a474ef379e
- name: golang.org/x/net
  version: f315505cf3349909cdf013ea56690da34e96a451
  subpackages:
  - context
- name: golang.org/x/sys
  version: d75a52659825e75fff6158388dddc6a5b04f9ba5
  subpackages:
  - unix
- name: gopkg.in/go-playground/validator.v8
  version: c193cecd124b5cc722d7ee5538e945bdb3348435
- name: gopkg.in/yaml.v2
  version: bef53efd0c76e49e6de55ead051f886bea7e9420
testImports: []
